
Microsoft Visual Studio Solution File, Format Version 12.00
# Visual Studio Version 16
VisualStudioVersion = 16.6.30114.105
MinimumVisualStudioVersion = 10.0.40219.1
Project("{9A19103F-16F7-4668-BE54-9A1E7A4F7556}") = "R5T.T0086", "R5T.T0086\R5T.T0086.csproj", "{A85123A7-81A8-4F8B-A3C8-5BC2089AEA75}"
EndProject
Project("{2150E333-8FDC-42A3-9474-1A3956D46DE8}") = "_Dependencies", "_Dependencies", "{D0698592-BD09-436B-BBEA-F8992898CCDF}"
EndProject
Project("{9A19103F-16F7-4668-BE54-9A1E7A4F7556}") = "R5T.T0039.T002", "..\..\R5T.T0039\source\R5T.T0039.T002\R5T.T0039.T002.csproj", "{E1604CFC-1A26-485F-B019-33892E0C8EA1}"
EndProject
Project("{9A19103F-16F7-4668-BE54-9A1E7A4F7556}") = "R5T.T0086.X001", "R5T.T0086.X001\R5T.T0086.X001.csproj", "{C34B3882-8218-4175-8EB9-7F8E99C7EE83}"
EndProject
Project("{9A19103F-16F7-4668-BE54-9A1E7A4F7556}") = "R5T.L0017", "..\..\R5T.L0017\source\R5T.L0017\R5T.L0017.csproj", "{4EAA9FCD-0AE6-475B-8ACD-8AEC50D6904B}"
EndProject
Project("{9A19103F-16F7-4668-BE54-9A1E7A4F7556}") = "R5T.Magyar", "..\..\R5T.Magyar\source\R5T.Magyar\R5T.Magyar.csproj", "{64DF07FD-16B1-4FB8-B47A-21D0F274D393}"
EndProject
Project("{9A19103F-16F7-4668-BE54-9A1E7A4F7556}") = "R5T.T0087", "..\..\R5T.T0087\source\R5T.T0087\R5T.T0087.csproj", "{1242D234-1569-430E-AE4A-BEE2D84B0006}"
EndProject
Global
	GlobalSection(SolutionConfigurationPlatforms) = preSolution
		Debug|Any CPU = Debug|Any CPU
		Debug|x64 = Debug|x64
		Debug|x86 = Debug|x86
		Release|Any CPU = Release|Any CPU
		Release|x64 = Release|x64
		Release|x86 = Release|x86
	EndGlobalSection
	GlobalSection(ProjectConfigurationPlatforms) = postSolution
		{A85123A7-81A8-4F8B-A3C8-5BC2089AEA75}.Debug|Any CPU.ActiveCfg = Debug|Any CPU
		{A85123A7-81A8-4F8B-A3C8-5BC2089AEA75}.Debug|Any CPU.Build.0 = Debug|Any CPU
		{A85123A7-81A8-4F8B-A3C8-5BC2089AEA75}.Debug|x64.ActiveCfg = Debug|Any CPU
		{A85123A7-81A8-4F8B-A3C8-5BC2089AEA75}.Debug|x64.Build.0 = Debug|Any CPU
		{A85123A7-81A8-4F8B-A3C8-5BC2089AEA75}.Debug|x86.ActiveCfg = Debug|Any CPU
		{A85123A7-81A8-4F8B-A3C8-5BC2089AEA75}.Debug|x86.Build.0 = Debug|Any CPU
		{A85123A7-81A8-4F8B-A3C8-5BC2089AEA75}.Release|Any CPU.ActiveCfg = Release|Any CPU
		{A85123A7-81A8-4F8B-A3C8-5BC2089AEA75}.Release|Any CPU.Build.0 = Release|Any CPU
		{A85123A7-81A8-4F8B-A3C8-5BC2089AEA75}.Release|x64.ActiveCfg = Release|Any CPU
		{A85123A7-81A8-4F8B-A3C8-5BC2089AEA75}.Release|x64.Build.0 = Release|Any CPU
		{A85123A7-81A8-4F8B-A3C8-5BC2089AEA75}.Release|x86.ActiveCfg = Release|Any CPU
		{A85123A7-81A8-4F8B-A3C8-5BC2089AEA75}.Release|x86.Build.0 = Release|Any CPU
		{E1604CFC-1A26-485F-B019-33892E0C8EA1}.Debug|Any CPU.ActiveCfg = Debug|Any CPU
		{E1604CFC-1A26-485F-B019-33892E0C8EA1}.Debug|Any CPU.Build.0 = Debug|Any CPU
		{E1604CFC-1A26-485F-B019-33892E0C8EA1}.Debug|x64.ActiveCfg = Debug|Any CPU
		{E1604CFC-1A26-485F-B019-33892E0C8EA1}.Debug|x64.Build.0 = Debug|Any CPU
		{E1604CFC-1A26-485F-B019-33892E0C8EA1}.Debug|x86.ActiveCfg = Debug|Any CPU
		{E1604CFC-1A26-485F-B019-33892E0C8EA1}.Debug|x86.Build.0 = Debug|Any CPU
		{E1604CFC-1A26-485F-B019-33892E0C8EA1}.Release|Any CPU.ActiveCfg = Release|Any CPU
		{E1604CFC-1A26-485F-B019-33892E0C8EA1}.Release|Any CPU.Build.0 = Release|Any CPU
		{E1604CFC-1A26-485F-B019-33892E0C8EA1}.Release|x64.ActiveCfg = Release|Any CPU
		{E1604CFC-1A26-485F-B019-33892E0C8EA1}.Release|x64.Build.0 = Release|Any CPU
		{E1604CFC-1A26-485F-B019-33892E0C8EA1}.Release|x86.ActiveCfg = Release|Any CPU
		{E1604CFC-1A26-485F-B019-33892E0C8EA1}.Release|x86.Build.0 = Release|Any CPU
		{C34B3882-8218-4175-8EB9-7F8E99C7EE83}.Debug|Any CPU.ActiveCfg = Debug|Any CPU
		{C34B3882-8218-4175-8EB9-7F8E99C7EE83}.Debug|Any CPU.Build.0 = Debug|Any CPU
		{C34B3882-8218-4175-8EB9-7F8E99C7EE83}.Debug|x64.ActiveCfg = Debug|Any CPU
		{C34B3882-8218-4175-8EB9-7F8E99C7EE83}.Debug|x64.Build.0 = Debug|Any CPU
		{C34B3882-8218-4175-8EB9-7F8E99C7EE83}.Debug|x86.ActiveCfg = Debug|Any CPU
		{C34B3882-8218-4175-8EB9-7F8E99C7EE83}.Debug|x86.Build.0 = Debug|Any CPU
		{C34B3882-8218-4175-8EB9-7F8E99C7EE83}.Release|Any CPU.ActiveCfg = Release|Any CPU
		{C34B3882-8218-4175-8EB9-7F8E99C7EE83}.Release|Any CPU.Build.0 = Release|Any CPU
		{C34B3882-8218-4175-8EB9-7F8E99C7EE83}.Release|x64.ActiveCfg = Release|Any CPU
		{C34B3882-8218-4175-8EB9-7F8E99C7EE83}.Release|x64.Build.0 = Release|Any CPU
		{C34B3882-8218-4175-8EB9-7F8E99C7EE83}.Release|x86.ActiveCfg = Release|Any CPU
		{C34B3882-8218-4175-8EB9-7F8E99C7EE83}.Release|x86.Build.0 = Release|Any CPU
		{4EAA9FCD-0AE6-475B-8ACD-8AEC50D6904B}.Debug|Any CPU.ActiveCfg = Debug|Any CPU
		{4EAA9FCD-0AE6-475B-8ACD-8AEC50D6904B}.Debug|Any CPU.Build.0 = Debug|Any CPU
		{4EAA9FCD-0AE6-475B-8ACD-8AEC50D6904B}.Debug|x64.ActiveCfg = Debug|Any CPU
		{4EAA9FCD-0AE6-475B-8ACD-8AEC50D6904B}.Debug|x64.Build.0 = Debug|Any CPU
		{4EAA9FCD-0AE6-475B-8ACD-8AEC50D6904B}.Debug|x86.ActiveCfg = Debug|Any CPU
		{4EAA9FCD-0AE6-475B-8ACD-8AEC50D6904B}.Debug|x86.Build.0 = Debug|Any CPU
		{4EAA9FCD-0AE6-475B-8ACD-8AEC50D6904B}.Release|Any CPU.ActiveCfg = Release|Any CPU
		{4EAA9FCD-0AE6-475B-8ACD-8AEC50D6904B}.Release|Any CPU.Build.0 = Release|Any CPU
		{4EAA9FCD-0AE6-475B-8ACD-8AEC50D6904B}.Release|x64.ActiveCfg = Release|Any CPU
		{4EAA9FCD-0AE6-475B-8ACD-8AEC50D6904B}.Release|x64.Build.0 = Release|Any CPU
		{4EAA9FCD-0AE6-475B-8ACD-8AEC50D6904B}.Release|x86.ActiveCfg = Release|Any CPU
		{4EAA9FCD-0AE6-475B-8ACD-8AEC50D6904B}.Release|x86.Build.0 = Release|Any CPU
		{64DF07FD-16B1-4FB8-B47A-21D0F274D393}.Debug|Any CPU.ActiveCfg = Debug|Any CPU
		{64DF07FD-16B1-4FB8-B47A-21D0F274D393}.Debug|Any CPU.Build.0 = Debug|Any CPU
		{64DF07FD-16B1-4FB8-B47A-21D0F274D393}.Debug|x64.ActiveCfg = Debug|Any CPU
		{64DF07FD-16B1-4FB8-B47A-21D0F274D393}.Debug|x64.Build.0 = Debug|Any CPU
		{64DF07FD-16B1-4FB8-B47A-21D0F274D393}.Debug|x86.ActiveCfg = Debug|Any CPU
		{64DF07FD-16B1-4FB8-B47A-21D0F274D393}.Debug|x86.Build.0 = Debug|Any CPU
		{64DF07FD-16B1-4FB8-B47A-21D0F274D393}.Release|Any CPU.ActiveCfg = Release|Any CPU
		{64DF07FD-16B1-4FB8-B47A-21D0F274D393}.Release|Any CPU.Build.0 = Release|Any CPU
		{64DF07FD-16B1-4FB8-B47A-21D0F274D393}.Release|x64.ActiveCfg = Release|Any CPU
		{64DF07FD-16B1-4FB8-B47A-21D0F274D393}.Release|x64.Build.0 = Release|Any CPU
		{64DF07FD-16B1-4FB8-B47A-21D0F274D393}.Release|x86.ActiveCfg = Release|Any CPU
		{64DF07FD-16B1-4FB8-B47A-21D0F274D393}.Release|x86.Build.0 = Release|Any CPU
		{1242D234-1569-430E-AE4A-BEE2D84B0006}.Debug|Any CPU.ActiveCfg = Debug|Any CPU
		{1242D234-1569-430E-AE4A-BEE2D84B0006}.Debug|Any CPU.Build.0 = Debug|Any CPU
		{1242D234-1569-430E-AE4A-BEE2D84B0006}.Debug|x64.ActiveCfg = Debug|Any CPU
		{1242D234-1569-430E-AE4A-BEE2D84B0006}.Debug|x64.Build.0 = Debug|Any CPU
		{1242D234-1569-430E-AE4A-BEE2D84B0006}.Debug|x86.ActiveCfg = Debug|Any CPU
		{1242D234-1569-430E-AE4A-BEE2D84B0006}.Debug|x86.Build.0 = Debug|Any CPU
		{1242D234-1569-430E-AE4A-BEE2D84B0006}.Release|Any CPU.ActiveCfg = Release|Any CPU
		{1242D234-1569-430E-AE4A-BEE2D84B0006}.Release|Any CPU.Build.0 = Release|Any CPU
		{1242D234-1569-430E-AE4A-BEE2D84B0006}.Release|x64.ActiveCfg = Release|Any CPU
		{1242D234-1569-430E-AE4A-BEE2D84B0006}.Release|x64.Build.0 = Release|Any CPU
		{1242D234-1569-430E-AE4A-BEE2D84B0006}.Release|x86.ActiveCfg = Release|Any CPU
		{1242D234-1569-430E-AE4A-BEE2D84B0006}.Release|x86.Build.0 = Release|Any CPU
	EndGlobalSection
	GlobalSection(SolutionProperties) = preSolution
		HideSolutionNode = FALSE
	EndGlobalSection
	GlobalSection(NestedProjects) = preSolution
		{E1604CFC-1A26-485F-B019-33892E0C8EA1} = {D0698592-BD09-436B-BBEA-F8992898CCDF}
		{4EAA9FCD-0AE6-475B-8ACD-8AEC50D6904B} = {D0698592-BD09-436B-BBEA-F8992898CCDF}
		{64DF07FD-16B1-4FB8-B47A-21D0F274D393} = {D0698592-BD09-436B-BBEA-F8992898CCDF}
		{1242D234-1569-430E-AE4A-BEE2D84B0006} = {D0698592-BD09-436B-BBEA-F8992898CCDF}
	EndGlobalSection
	GlobalSection(ExtensibilityGlobals) = postSolution
		SolutionGuid = {B3BB1757-4F3B-45A5-A673-AB565ACA69B2}
	EndGlobalSection
EndGlobal
